// !$*UTF8*$!
{
	archiveVersion = 1;
	classes = {
	};
	objectVersion = 56;
	objects = {

/* Begin PBXBuildFile section */
		D83C7CC828FA777500F37225 /* AppDelegate.swift in Sources */ = {isa = PBXBuildFile; fileRef = D83C7CC728FA777500F37225 /* AppDelegate.swift */; };
		D83C7CCA28FA777500F37225 /* SceneDelegate.swift in Sources */ = {isa = PBXBuildFile; fileRef = D83C7CC928FA777500F37225 /* SceneDelegate.swift */; };
		D83C7CCC28FA777500F37225 /* SignInViewController.swift in Sources */ = {isa = PBXBuildFile; fileRef = D83C7CCB28FA777500F37225 /* SignInViewController.swift */; };
		D83C7CCF28FA777500F37225 /* Main.storyboard in Resources */ = {isa = PBXBuildFile; fileRef = D83C7CCD28FA777500F37225 /* Main.storyboard */; };
		D83C7CD228FA777500F37225 /* ChoptDemo.xcdatamodeld in Sources */ = {isa = PBXBuildFile; fileRef = D83C7CD028FA777500F37225 /* ChoptDemo.xcdatamodeld */; };
		D83C7CD428FA777700F37225 /* Assets.xcassets in Resources */ = {isa = PBXBuildFile; fileRef = D83C7CD328FA777700F37225 /* Assets.xcassets */; };
		D83C7CD728FA777700F37225 /* LaunchScreen.storyboard in Resources */ = {isa = PBXBuildFile; fileRef = D83C7CD528FA777700F37225 /* LaunchScreen.storyboard */; };
		D83C7CE228FA777700F37225 /* ChoptDemoTests.swift in Sources */ = {isa = PBXBuildFile; fileRef = D83C7CE128FA777700F37225 /* ChoptDemoTests.swift */; };
		D83C7CEC28FA777700F37225 /* ChoptDemoUITests.swift in Sources */ = {isa = PBXBuildFile; fileRef = D83C7CEB28FA777700F37225 /* ChoptDemoUITests.swift */; };
		D83C7CEE28FA777700F37225 /* ChoptDemoUITestsLaunchTests.swift in Sources */ = {isa = PBXBuildFile; fileRef = D83C7CED28FA777700F37225 /* ChoptDemoUITestsLaunchTests.swift */; };
		D87C839828FAAB5600364D8B /* RegistrationAPI.swift in Sources */ = {isa = PBXBuildFile; fileRef = D87C839728FAAB5600364D8B /* RegistrationAPI.swift */; };
		D87C839B28FAAB9F00364D8B /* Alamofire in Frameworks */ = {isa = PBXBuildFile; productRef = D87C839A28FAAB9F00364D8B /* Alamofire */; };
		D87C839E28FAABD400364D8B /* RegisterModel.swift in Sources */ = {isa = PBXBuildFile; fileRef = D87C839D28FAABD400364D8B /* RegisterModel.swift */; };
		D87C83A328FAAC2600364D8B /* Constants.swift in Sources */ = {isa = PBXBuildFile; fileRef = D87C83A228FAAC2600364D8B /* Constants.swift */; };
		D87C83A628FAACC100364D8B /* RegistrationViewController.swift in Sources */ = {isa = PBXBuildFile; fileRef = D87C83A528FAACC100364D8B /* RegistrationViewController.swift */; };
/* End PBXBuildFile section */

/* Begin PBXContainerItemProxy section */
		D83C7CDE28FA777700F37225 /* PBXContainerItemProxy */ = {
			isa = PBXContainerItemProxy;
			containerPortal = D83C7CBC28FA777500F37225 /* Project object */;
			proxyType = 1;
			remoteGlobalIDString = D83C7CC328FA777500F37225;
			remoteInfo = ChoptDemo;
		};
		D83C7CE828FA777700F37225 /* PBXContainerItemProxy */ = {
			isa = PBXContainerItemProxy;
			containerPortal = D83C7CBC28FA777500F37225 /* Project object */;
			proxyType = 1;
			remoteGlobalIDString = D83C7CC328FA777500F37225;
			remoteInfo = ChoptDemo;
		};
/* End PBXContainerItemProxy section */

/* Begin PBXFileReference section */
		D83C7CC428FA777500F37225 /* ChoptDemo.app */ = {isa = PBXFileReference; explicitFileType = wrapper.application; includeInIndex = 0; path = ChoptDemo.app; sourceTree = BUILT_PRODUCTS_DIR; };
		D83C7CC728FA777500F37225 /* AppDelegate.swift */ = {isa = PBXFileReference; lastKnownFileType = sourcecode.swift; path = AppDelegate.swift; sourceTree = "<group>"; };
		D83C7CC928FA777500F37225 /* SceneDelegate.swift */ = {isa = PBXFileReference; lastKnownFileType = sourcecode.swift; path = SceneDelegate.swift; sourceTree = "<group>"; };
		D83C7CCB28FA777500F37225 /* SignInViewController.swift */ = {isa = PBXFileReference; lastKnownFileType = sourcecode.swift; path = SignInViewController.swift; sourceTree = "<group>"; };
		D83C7CCE28FA777500F37225 /* Base */ = {isa = PBXFileReference; lastKnownFileType = file.storyboard; name = Base; path = Base.lproj/Main.storyboard; sourceTree = "<group>"; };
		D83C7CD128FA777500F37225 /* ChoptDemo.xcdatamodel */ = {isa = PBXFileReference; lastKnownFileType = wrapper.xcdatamodel; path = ChoptDemo.xcdatamodel; sourceTree = "<group>"; };
		D83C7CD328FA777700F37225 /* Assets.xcassets */ = {isa = PBXFileReference; lastKnownFileType = folder.assetcatalog; path = Assets.xcassets; sourceTree = "<group>"; };
		D83C7CD628FA777700F37225 /* Base */ = {isa = PBXFileReference; lastKnownFileType = file.storyboard; name = Base; path = Base.lproj/LaunchScreen.storyboard; sourceTree = "<group>"; };
		D83C7CD828FA777700F37225 /* Info.plist */ = {isa = PBXFileReference; lastKnownFileType = text.plist.xml; path = Info.plist; sourceTree = "<group>"; };
		D83C7CDD28FA777700F37225 /* ChoptDemoTests.xctest */ = {isa = PBXFileReference; explicitFileType = wrapper.cfbundle; includeInIndex = 0; path = ChoptDemoTests.xctest; sourceTree = BUILT_PRODUCTS_DIR; };
		D83C7CE128FA777700F37225 /* ChoptDemoTests.swift */ = {isa = PBXFileReference; lastKnownFileType = sourcecode.swift; path = ChoptDemoTests.swift; sourceTree = "<group>"; };
		D83C7CE728FA777700F37225 /* ChoptDemoUITests.xctest */ = {isa = PBXFileReference; explicitFileType = wrapper.cfbundle; includeInIndex = 0; path = ChoptDemoUITests.xctest; sourceTree = BUILT_PRODUCTS_DIR; };
		D83C7CEB28FA777700F37225 /* ChoptDemoUITests.swift */ = {isa = PBXFileReference; lastKnownFileType = sourcecode.swift; path = ChoptDemoUITests.swift; sourceTree = "<group>"; };
		D83C7CED28FA777700F37225 /* ChoptDemoUITestsLaunchTests.swift */ = {isa = PBXFileReference; lastKnownFileType = sourcecode.swift; path = ChoptDemoUITestsLaunchTests.swift; sourceTree = "<group>"; };
		D87C839728FAAB5600364D8B /* RegistrationAPI.swift */ = {isa = PBXFileReference; lastKnownFileType = sourcecode.swift; path = RegistrationAPI.swift; sourceTree = "<group>"; };
		D87C839D28FAABD400364D8B /* RegisterModel.swift */ = {isa = PBXFileReference; lastKnownFileType = sourcecode.swift; path = RegisterModel.swift; sourceTree = "<group>"; };
		D87C83A228FAAC2600364D8B /* Constants.swift */ = {isa = PBXFileReference; lastKnownFileType = sourcecode.swift; path = Constants.swift; sourceTree = "<group>"; };
		D87C83A528FAACC100364D8B /* RegistrationViewController.swift */ = {isa = PBXFileReference; lastKnownFileType = sourcecode.swift; path = RegistrationViewController.swift; sourceTree = "<group>"; };
/* End PBXFileReference section */

/* Begin PBXFrameworksBuildPhase section */
		D83C7CC128FA777500F37225 /* Frameworks */ = {
			isa = PBXFrameworksBuildPhase;
			buildActionMask = 2147483647;
			files = (
				D87C839B28FAAB9F00364D8B /* Alamofire in Frameworks */,
			);
			runOnlyForDeploymentPostprocessing = 0;
		};
		D83C7CDA28FA777700F37225 /* Frameworks */ = {
			isa = PBXFrameworksBuildPhase;
			buildActionMask = 2147483647;
			files = (
			);
			runOnlyForDeploymentPostprocessing = 0;
		};
		D83C7CE428FA777700F37225 /* Frameworks */ = {
			isa = PBXFrameworksBuildPhase;
			buildActionMask = 2147483647;
			files = (
			);
			runOnlyForDeploymentPostprocessing = 0;
		};
/* End PBXFrameworksBuildPhase section */

/* Begin PBXGroup section */
		D83C7CBB28FA777500F37225 = {
			isa = PBXGroup;
			children = (
				D83C7CC628FA777500F37225 /* ChoptDemo */,
				D83C7CE028FA777700F37225 /* ChoptDemoTests */,
				D83C7CEA28FA777700F37225 /* ChoptDemoUITests */,
				D83C7CC528FA777500F37225 /* Products */,
			);
			sourceTree = "<group>";
		};
		D83C7CC528FA777500F37225 /* Products */ = {
			isa = PBXGroup;
			children = (
				D83C7CC428FA777500F37225 /* ChoptDemo.app */,
				D83C7CDD28FA777700F37225 /* ChoptDemoTests.xctest */,
				D83C7CE728FA777700F37225 /* ChoptDemoUITests.xctest */,
			);
			name = Products;
			sourceTree = "<group>";
		};
		D83C7CC628FA777500F37225 /* ChoptDemo */ = {
			isa = PBXGroup;
			children = (
				D87C83A428FAAC8D00364D8B /* Registration */,
				D87C839528FAAA8C00364D8B /* SignIn */,
				D87C83A128FAAC0B00364D8B /* Constants */,
				D87C839C28FAABAE00364D8B /* Model */,
				D87C839628FAAA9C00364D8B /* APIManager */,
				D83C7CC728FA777500F37225 /* AppDelegate.swift */,
				D83C7CC928FA777500F37225 /* SceneDelegate.swift */,
				D83C7CD328FA777700F37225 /* Assets.xcassets */,
				D83C7CD528FA777700F37225 /* LaunchScreen.storyboard */,
				D83C7CD828FA777700F37225 /* Info.plist */,
				D83C7CD028FA777500F37225 /* ChoptDemo.xcdatamodeld */,
			);
			path = ChoptDemo;
			sourceTree = "<group>";
		};
		D83C7CE028FA777700F37225 /* ChoptDemoTests */ = {
			isa = PBXGroup;
			children = (
				D83C7CE128FA777700F37225 /* ChoptDemoTests.swift */,
			);
			path = ChoptDemoTests;
			sourceTree = "<group>";
		};
		D83C7CEA28FA777700F37225 /* ChoptDemoUITests */ = {
			isa = PBXGroup;
			children = (
				D83C7CEB28FA777700F37225 /* ChoptDemoUITests.swift */,
				D83C7CED28FA777700F37225 /* ChoptDemoUITestsLaunchTests.swift */,
			);
			path = ChoptDemoUITests;
			sourceTree = "<group>";
		};
		D87C839528FAAA8C00364D8B /* SignIn */ = {
			isa = PBXGroup;
			children = (
				D83C7CCB28FA777500F37225 /* SignInViewController.swift */,
				D83C7CCD28FA777500F37225 /* Main.storyboard */,
			);
			path = SignIn;
			sourceTree = "<group>";
		};
		D87C839628FAAA9C00364D8B /* APIManager */ = {
			isa = PBXGroup;
			children = (
				D87C839728FAAB5600364D8B /* RegistrationAPI.swift */,
			);
			path = APIManager;
			sourceTree = "<group>";
		};
		D87C839C28FAABAE00364D8B /* Model */ = {
			isa = PBXGroup;
			children = (
				D87C839D28FAABD400364D8B /* RegisterModel.swift */,
			);
			path = Model;
			sourceTree = "<group>";
		};
		D87C83A128FAAC0B00364D8B /* Constants */ = {
			isa = PBXGroup;
			children = (
				D87C83A228FAAC2600364D8B /* Constants.swift */,
			);
			path = Constants;
			sourceTree = "<group>";
		};
		D87C83A428FAAC8D00364D8B /* Registration */ = {
			isa = PBXGroup;
			children = (
				D87C83A528FAACC100364D8B /* RegistrationViewController.swift */,
			);
			path = Registration;
			sourceTree = "<group>";
		};
/* End PBXGroup section */

/* Begin PBXNativeTarget section */
		D83C7CC328FA777500F37225 /* ChoptDemo */ = {
			isa = PBXNativeTarget;
			buildConfigurationList = D83C7CF128FA777700F37225 /* Build configuration list for PBXNativeTarget "ChoptDemo" */;
			buildPhases = (
				D83C7CC028FA777500F37225 /* Sources */,
				D83C7CC128FA777500F37225 /* Frameworks */,
				D83C7CC228FA777500F37225 /* Resources */,
			);
			buildRules = (
			);
			dependencies = (
			);
			name = ChoptDemo;
			packageProductDependencies = (
				D87C839A28FAAB9F00364D8B /* Alamofire */,
			);
			productName = ChoptDemo;
			productReference = D83C7CC428FA777500F37225 /* ChoptDemo.app */;
			productType = "com.apple.product-type.application";
		};
		D83C7CDC28FA777700F37225 /* ChoptDemoTests */ = {
			isa = PBXNativeTarget;
			buildConfigurationList = D83C7CF428FA777700F37225 /* Build configuration list for PBXNativeTarget "ChoptDemoTests" */;
			buildPhases = (
				D83C7CD928FA777700F37225 /* Sources */,
				D83C7CDA28FA777700F37225 /* Frameworks */,
				D83C7CDB28FA777700F37225 /* Resources */,
			);
			buildRules = (
			);
			dependencies = (
				D83C7CDF28FA777700F37225 /* PBXTargetDependency */,
			);
			name = ChoptDemoTests;
			productName = ChoptDemoTests;
			productReference = D83C7CDD28FA777700F37225 /* ChoptDemoTests.xctest */;
			productType = "com.apple.product-type.bundle.unit-test";
		};
		D83C7CE628FA777700F37225 /* ChoptDemoUITests */ = {
			isa = PBXNativeTarget;
			buildConfigurationList = D83C7CF728FA777700F37225 /* Build configuration list for PBXNativeTarget "ChoptDemoUITests" */;
			buildPhases = (
				D83C7CE328FA777700F37225 /* Sources */,
				D83C7CE428FA777700F37225 /* Frameworks */,
				D83C7CE528FA777700F37225 /* Resources */,
			);
			buildRules = (
			);
			dependencies = (
				D83C7CE928FA777700F37225 /* PBXTargetDependency */,
			);
			name = ChoptDemoUITests;
			productName = ChoptDemoUITests;
			productReference = D83C7CE728FA777700F37225 /* ChoptDemoUITests.xctest */;
			productType = "com.apple.product-type.bundle.ui-testing";
		};
/* End PBXNativeTarget section */

/* Begin PBXProject section */
		D83C7CBC28FA777500F37225 /* Project object */ = {
			isa = PBXProject;
			attributes = {
				BuildIndependentTargetsInParallel = 1;
				LastSwiftUpdateCheck = 1400;
				LastUpgradeCheck = 1400;
				TargetAttributes = {
					D83C7CC328FA777500F37225 = {
						CreatedOnToolsVersion = 14.0.1;
					};
					D83C7CDC28FA777700F37225 = {
						CreatedOnToolsVersion = 14.0.1;
						TestTargetID = D83C7CC328FA777500F37225;
					};
					D83C7CE628FA777700F37225 = {
						CreatedOnToolsVersion = 14.0.1;
						TestTargetID = D83C7CC328FA777500F37225;
					};
				};
			};
			buildConfigurationList = D83C7CBF28FA777500F37225 /* Build configuration list for PBXProject "ChoptDemo" */;
			compatibilityVersion = "Xcode 14.0";
			developmentRegion = en;
			hasScannedForEncodings = 0;
			knownRegions = (
				en,
				Base,
			);
			mainGroup = D83C7CBB28FA777500F37225;
			packageReferences = (
				D87C839928FAAB9F00364D8B /* XCRemoteSwiftPackageReference "Alamofire" */,
			);
			productRefGroup = D83C7CC528FA777500F37225 /* Products */;
			projectDirPath = "";
			projectRoot = "";
			targets = (
				D83C7CC328FA777500F37225 /* ChoptDemo */,
				D83C7CDC28FA777700F37225 /* ChoptDemoTests */,
				D83C7CE628FA777700F37225 /* ChoptDemoUITests */,
			);
		};
/* End PBXProject section */

/* Begin PBXResourcesBuildPhase section */
		D83C7CC228FA777500F37225 /* Resources */ = {
			isa = PBXResourcesBuildPhase;
			buildActionMask = 2147483647;
			files = (
				D83C7CD728FA777700F37225 /* LaunchScreen.storyboard in Resources */,
				D83C7CD428FA777700F37225 /* Assets.xcassets in Resources */,
				D83C7CCF28FA777500F37225 /* Main.storyboard in Resources */,
			);
			runOnlyForDeploymentPostprocessing = 0;
		};
		D83C7CDB28FA777700F37225 /* Resources */ = {
			isa = PBXResourcesBuildPhase;
			buildActionMask = 2147483647;
			files = (
			);
			runOnlyForDeploymentPostprocessing = 0;
		};
		D83C7CE528FA777700F37225 /* Resources */ = {
			isa = PBXResourcesBuildPhase;
			buildActionMask = 2147483647;
			files = (
			);
			runOnlyForDeploymentPostprocessing = 0;
		};
/* End PBXResourcesBuildPhase section */

/* Begin PBXSourcesBuildPhase section */
		D83C7CC028FA777500F37225 /* Sources */ = {
			isa = PBXSourcesBuildPhase;
			buildActionMask = 2147483647;
			files = (
				D83C7CCC28FA777500F37225 /* SignInViewController.swift in Sources */,
				D83C7CD228FA777500F37225 /* ChoptDemo.xcdatamodeld in Sources */,
				D87C83A628FAACC100364D8B /* RegistrationViewController.swift in Sources */,
				D87C839E28FAABD400364D8B /* RegisterModel.swift in Sources */,
				D83C7CC828FA777500F37225 /* AppDelegate.swift in Sources */,
				D87C83A328FAAC2600364D8B /* Constants.swift in Sources */,
				D87C839828FAAB5600364D8B /* RegistrationAPI.swift in Sources */,
				D83C7CCA28FA777500F37225 /* SceneDelegate.swift in Sources */,
			);
			runOnlyForDeploymentPostprocessing = 0;
		};
		D83C7CD928FA777700F37225 /* Sources */ = {
			isa = PBXSourcesBuildPhase;
			buildActionMask = 2147483647;
			files = (
				D83C7CE228FA777700F37225 /* ChoptDemoTests.swift in Sources */,
			);
			runOnlyForDeploymentPostprocessing = 0;
		};
		D83C7CE328FA777700F37225 /* Sources */ = {
			isa = PBXSourcesBuildPhase;
			buildActionMask = 2147483647;
			files = (
				D83C7CEE28FA777700F37225 /* ChoptDemoUITestsLaunchTests.swift in Sources */,
				D83C7CEC28FA777700F37225 /* ChoptDemoUITests.swift in Sources */,
			);
			runOnlyForDeploymentPostprocessing = 0;
		};
/* End PBXSourcesBuildPhase section */

/* Begin PBXTargetDependency section */
		D83C7CDF28FA777700F37225 /* PBXTargetDependency */ = {
			isa = PBXTargetDependency;
			target = D83C7CC328FA777500F37225 /* ChoptDemo */;
			targetProxy = D83C7CDE28FA777700F37225 /* PBXContainerItemProxy */;
		};
		D83C7CE928FA777700F37225 /* PBXTargetDependency */ = {
			isa = PBXTargetDependency;
			target = D83C7CC328FA777500F37225 /* ChoptDemo */;
			targetProxy = D83C7CE828FA777700F37225 /* PBXContainerItemProxy */;
		};
/* End PBXTargetDependency section */

/* Begin PBXVariantGroup section */
		D83C7CCD28FA777500F37225 /* Main.storyboard */ = {
			isa = PBXVariantGroup;
			children = (
				D83C7CCE28FA777500F37225 /* Base */,
			);
			name = Main.storyboard;
			sourceTree = "<group>";
		};
		D83C7CD528FA777700F37225 /* LaunchScreen.storyboard */ = {
			isa = PBXVariantGroup;
			children = (
				D83C7CD628FA777700F37225 /* Base */,
			);
			name = LaunchScreen.storyboard;
			sourceTree = "<group>";
		};
/* End PBXVariantGroup section */

/* Begin XCBuildConfiguration section */
		D83C7CEF28FA777700F37225 /* Debug */ = {
			isa = XCBuildConfiguration;
			buildSettings = {
				ALWAYS_SEARCH_USER_PATHS = NO;
				CLANG_ANALYZER_NONNULL = YES;
				CLANG_ANALYZER_NUMBER_OBJECT_CONVERSION = YES_AGGRESSIVE;
				CLANG_CXX_LANGUAGE_STANDARD = "gnu++20";
				CLANG_ENABLE_MODULES = YES;
				CLANG_ENABLE_OBJC_ARC = YES;
				CLANG_ENABLE_OBJC_WEAK = YES;
				CLANG_WARN_BLOCK_CAPTURE_AUTORELEASING = YES;
				CLANG_WARN_BOOL_CONVERSION = YES;
				CLANG_WARN_COMMA = YES;
				CLANG_WARN_CONSTANT_CONVERSION = YES;
				CLANG_WARN_DEPRECATED_OBJC_IMPLEMENTATIONS = YES;
				CLANG_WARN_DIRECT_OBJC_ISA_USAGE = YES_ERROR;
				CLANG_WARN_DOCUMENTATION_COMMENTS = YES;
				CLANG_WARN_EMPTY_BODY = YES;
				CLANG_WARN_ENUM_CONVERSION = YES;
				CLANG_WARN_INFINITE_RECURSION = YES;
				CLANG_WARN_INT_CONVERSION = YES;
				CLANG_WARN_NON_LITERAL_NULL_CONVERSION = YES;
				CLANG_WARN_OBJC_IMPLICIT_RETAIN_SELF = YES;
				CLANG_WARN_OBJC_LITERAL_CONVERSION = YES;
				CLANG_WARN_OBJC_ROOT_CLASS = YES_ERROR;
				CLANG_WARN_QUOTED_INCLUDE_IN_FRAMEWORK_HEADER = YES;
				CLANG_WARN_RANGE_LOOP_ANALYSIS = YES;
				CLANG_WARN_STRICT_PROTOTYPES = YES;
				CLANG_WARN_SUSPICIOUS_MOVE = YES;
				CLANG_WARN_UNGUARDED_AVAILABILITY = YES_AGGRESSIVE;
				CLANG_WARN_UNREACHABLE_CODE = YES;
				CLANG_WARN__DUPLICATE_METHOD_MATCH = YES;
				COPY_PHASE_STRIP = NO;
				DEBUG_INFORMATION_FORMAT = dwarf;
				ENABLE_STRICT_OBJC_MSGSEND = YES;
				ENABLE_TESTABILITY = YES;
				GCC_C_LANGUAGE_STANDARD = gnu11;
				GCC_DYNAMIC_NO_PIC = NO;
				GCC_NO_COMMON_BLOCKS = YES;
				GCC_OPTIMIZATION_LEVEL = 0;
				GCC_PREPROCESSOR_DEFINITIONS = (
					"DEBUG=1",
					"$(inherited)",
				);
				GCC_WARN_64_TO_32_BIT_CONVERSION = YES;
				GCC_WARN_ABOUT_RETURN_TYPE = YES_ERROR;
				GCC_WARN_UNDECLARED_SELECTOR = YES;
				GCC_WARN_UNINITIALIZED_AUTOS = YES_AGGRESSIVE;
				GCC_WARN_UNUSED_FUNCTION = YES;
				GCC_WARN_UNUSED_VARIABLE = YES;
				IPHONEOS_DEPLOYMENT_TARGET = 16.0;
				MTL_ENABLE_DEBUG_INFO = INCLUDE_SOURCE;
				MTL_FAST_MATH = YES;
				ONLY_ACTIVE_ARCH = YES;
				SDKROOT = iphoneos;
				SWIFT_ACTIVE_COMPILATION_CONDITIONS = DEBUG;
				SWIFT_OPTIMIZATION_LEVEL = "-Onone";
			};
			name = Debug;
		};
		D83C7CF028FA777700F37225 /* Release */ = {
			isa = XCBuildConfiguration;
			buildSettings = {
				ALWAYS_SEARCH_USER_PATHS = NO;
				CLANG_ANALYZER_NONNULL = YES;
				CLANG_ANALYZER_NUMBER_OBJECT_CONVERSION = YES_AGGRESSIVE;
				CLANG_CXX_LANGUAGE_STANDARD = "gnu++20";
				CLANG_ENABLE_MODULES = YES;
				CLANG_ENABLE_OBJC_ARC = YES;
				CLANG_ENABLE_OBJC_WEAK = YES;
				CLANG_WARN_BLOCK_CAPTURE_AUTORELEASING = YES;
				CLANG_WARN_BOOL_CONVERSION = YES;
				CLANG_WARN_COMMA = YES;
				CLANG_WARN_CONSTANT_CONVERSION = YES;
				CLANG_WARN_DEPRECATED_OBJC_IMPLEMENTATIONS = YES;
				CLANG_WARN_DIRECT_OBJC_ISA_USAGE = YES_ERROR;
				CLANG_WARN_DOCUMENTATION_COMMENTS = YES;
				CLANG_WARN_EMPTY_BODY = YES;
				CLANG_WARN_ENUM_CONVERSION = YES;
				CLANG_WARN_INFINITE_RECURSION = YES;
				CLANG_WARN_INT_CONVERSION = YES;
				CLANG_WARN_NON_LITERAL_NULL_CONVERSION = YES;
				CLANG_WARN_OBJC_IMPLICIT_RETAIN_SELF = YES;
				CLANG_WARN_OBJC_LITERAL_CONVERSION = YES;
				CLANG_WARN_OBJC_ROOT_CLASS = YES_ERROR;
				CLANG_WARN_QUOTED_INCLUDE_IN_FRAMEWORK_HEADER = YES;
				CLANG_WARN_RANGE_LOOP_ANALYSIS = YES;
				CLANG_WARN_STRICT_PROTOTYPES = YES;
				CLANG_WARN_SUSPICIOUS_MOVE = YES;
				CLANG_WARN_UNGUARDED_AVAILABILITY = YES_AGGRESSIVE;
				CLANG_WARN_UNREACHABLE_CODE = YES;
				CLANG_WARN__DUPLICATE_METHOD_MATCH = YES;
				COPY_PHASE_STRIP = NO;
				DEBUG_INFORMATION_FORMAT = "dwarf-with-dsym";
				ENABLE_NS_ASSERTIONS = NO;
				ENABLE_STRICT_OBJC_MSGSEND = YES;
				GCC_C_LANGUAGE_STANDARD = gnu11;
				GCC_NO_COMMON_BLOCKS = YES;
				GCC_WARN_64_TO_32_BIT_CONVERSION = YES;
				GCC_WARN_ABOUT_RETURN_TYPE = YES_ERROR;
				GCC_WARN_UNDECLARED_SELECTOR = YES;
				GCC_WARN_UNINITIALIZED_AUTOS = YES_AGGRESSIVE;
				GCC_WARN_UNUSED_FUNCTION = YES;
				GCC_WARN_UNUSED_VARIABLE = YES;
				IPHONEOS_DEPLOYMENT_TARGET = 16.0;
				MTL_ENABLE_DEBUG_INFO = NO;
				MTL_FAST_MATH = YES;
				SDKROOT = iphoneos;
				SWIFT_COMPILATION_MODE = wholemodule;
				SWIFT_OPTIMIZATION_LEVEL = "-O";
				VALIDATE_PRODUCT = YES;
			};
			name = Release;
		};
		D83C7CF228FA777700F37225 /* Debug */ = {
			isa = XCBuildConfiguration;
			buildSettings = {
				ASSETCATALOG_COMPILER_APPICON_NAME = AppIcon;
				ASSETCATALOG_COMPILER_GLOBAL_ACCENT_COLOR_NAME = AccentColor;
				CODE_SIGN_STYLE = Automatic;
				CURRENT_PROJECT_VERSION = 1;
				GENERATE_INFOPLIST_FILE = YES;
				INFOPLIST_FILE = ChoptDemo/Info.plist;
				INFOPLIST_KEY_UIApplicationSupportsIndirectInputEvents = YES;
				INFOPLIST_KEY_UILaunchStoryboardName = LaunchScreen;
				INFOPLIST_KEY_UIMainStoryboardFile = Main;
				INFOPLIST_KEY_UISupportedInterfaceOrientations_iPad = "UIInterfaceOrientationPortrait UIInterfaceOrientationPortraitUpsideDown UIInterfaceOrientationLandscapeLeft UIInterfaceOrientationLandscapeRight";
				INFOPLIST_KEY_UISupportedInterfaceOrientations_iPhone = "UIInterfaceOrientationPortrait UIInterfaceOrientationLandscapeLeft UIInterfaceOrientationLandscapeRight";
				LD_RUNPATH_SEARCH_PATHS = (
					"$(inherited)",
					"@executable_path/Frameworks",
				);
				MARKETING_VERSION = 1.0;
				PRODUCT_BUNDLE_IDENTIFIER = com.Kishor.ChoptDemo;
				PRODUCT_NAME = "$(TARGET_NAME)";
				SWIFT_EMIT_LOC_STRINGS = YES;
				SWIFT_VERSION = 5.0;
				TARGETED_DEVICE_FAMILY = "1,2";
			};
			name = Debug;
		};
		D83C7CF328FA777700F37225 /* Release */ = {
			isa = XCBuildConfiguration;
			buildSettings = {
				ASSETCATALOG_COMPILER_APPICON_NAME = AppIcon;
				ASSETCATALOG_COMPILER_GLOBAL_ACCENT_COLOR_NAME = AccentColor;
				CODE_SIGN_STYLE = Automatic;
				CURRENT_PROJECT_VERSION = 1;
				GENERATE_INFOPLIST_FILE = YES;
				INFOPLIST_FILE = ChoptDemo/Info.plist;
				INFOPLIST_KEY_UIApplicationSupportsIndirectInputEvents = YES;
				INFOPLIST_KEY_UILaunchStoryboardName = LaunchScreen;
				INFOPLIST_KEY_UIMainStoryboardFile = Main;
				INFOPLIST_KEY_UISupportedInterfaceOrientations_iPad = "UIInterfaceOrientationPortrait UIInterfaceOrientationPortraitUpsideDown UIInterfaceOrientationLandscapeLeft UIInterfaceOrientationLandscapeRight";
				INFOPLIST_KEY_UISupportedInterfaceOrientations_iPhone = "UIInterfaceOrientationPortrait UIInterfaceOrientationLandscapeLeft UIInterfaceOrientationLandscapeRight";
				LD_RUNPATH_SEARCH_PATHS = (
					"$(inherited)",
					"@executable_path/Frameworks",
				);
				MARKETING_VERSION = 1.0;
				PRODUCT_BUNDLE_IDENTIFIER = com.Kishor.ChoptDemo;
				PRODUCT_NAME = "$(TARGET_NAME)";
				SWIFT_EMIT_LOC_STRINGS = YES;
				SWIFT_VERSION = 5.0;
				TARGETED_DEVICE_FAMILY = "1,2";
			};
			name = Release;
		};
		D83C7CF528FA777700F37225 /* Debug */ = {
			isa = XCBuildConfiguration;
			buildSettings = {
				ALWAYS_EMBED_SWIFT_STANDARD_LIBRARIES = YES;
				BUNDLE_LOADER = "$(TEST_HOST)";
				CODE_SIGN_STYLE = Automatic;
				CURRENT_PROJECT_VERSION = 1;
				GENERATE_INFOPLIST_FILE = YES;
				IPHONEOS_DEPLOYMENT_TARGET = 16.0;
				MARKETING_VERSION = 1.0;
				PRODUCT_BUNDLE_IDENTIFIER = com.Kishor.ChoptDemoTests;
				PRODUCT_NAME = "$(TARGET_NAME)";
				SWIFT_EMIT_LOC_STRINGS = NO;
				SWIFT_VERSION = 5.0;
				TARGETED_DEVICE_FAMILY = "1,2";
				TEST_HOST = "$(BUILT_PRODUCTS_DIR)/ChoptDemo.app/$(BUNDLE_EXECUTABLE_FOLDER_PATH)/ChoptDemo";
			};
			name = Debug;
		};
		D83C7CF628FA777700F37225 /* Release */ = {
			isa = XCBuildConfiguration;
			buildSettings = {
				ALWAYS_EMBED_SWIFT_STANDARD_LIBRARIES = YES;
				BUNDLE_LOADER = "$(TEST_HOST)";
				CODE_SIGN_STYLE = Automatic;
				CURRENT_PROJECT_VERSION = 1;
				GENERATE_INFOPLIST_FILE = YES;
				IPHONEOS_DEPLOYMENT_TARGET = 16.0;
				MARKETING_VERSION = 1.0;
				PRODUCT_BUNDLE_IDENTIFIER = com.Kishor.ChoptDemoTests;
				PRODUCT_NAME = "$(TARGET_NAME)";
				SWIFT_EMIT_LOC_STRINGS = NO;
				SWIFT_VERSION = 5.0;
				TARGETED_DEVICE_FAMILY = "1,2";
				TEST_HOST = "$(BUILT_PRODUCTS_DIR)/ChoptDemo.app/$(BUNDLE_EXECUTABLE_FOLDER_PATH)/ChoptDemo";
			};
			name = Release;
		};
		D83C7CF828FA777700F37225 /* Debug */ = {
			isa = XCBuildConfiguration;
			buildSettings = {
				ALWAYS_EMBED_SWIFT_STANDARD_LIBRARIES = YES;
				CODE_SIGN_STYLE = Automatic;
				CURRENT_PROJECT_VERSION = 1;
				GENERATE_INFOPLIST_FILE = YES;
				MARKETING_VERSION = 1.0;
				PRODUCT_BUNDLE_IDENTIFIER = com.Kishor.ChoptDemoUITests;
				PRODUCT_NAME = "$(TARGET_NAME)";
				SWIFT_EMIT_LOC_STRINGS = NO;
				SWIFT_VERSION = 5.0;
				TARGETED_DEVICE_FAMILY = "1,2";
				TEST_TARGET_NAME = ChoptDemo;
			};
			name = Debug;
		};
		D83C7CF928FA777700F37225 /* Release */ = {
			isa = XCBuildConfiguration;
			buildSettings = {
				ALWAYS_EMBED_SWIFT_STANDARD_LIBRARIES = YES;
				CODE_SIGN_STYLE = Automatic;
				CURRENT_PROJECT_VERSION = 1;
				GENERATE_INFOPLIST_FILE = YES;
				MARKETING_VERSION = 1.0;
				PRODUCT_BUNDLE_IDENTIFIER = com.Kishor.ChoptDemoUITests;
				PRODUCT_NAME = "$(TARGET_NAME)";
				SWIFT_EMIT_LOC_STRINGS = NO;
				SWIFT_VERSION = 5.0;
				TARGETED_DEVICE_FAMILY = "1,2";
				TEST_TARGET_NAME = ChoptDemo;
			};
			name = Release;
		};
/* End XCBuildConfiguration section */

/* Begin XCConfigurationList section */
		D83C7CBF28FA777500F37225 /* Build configuration list for PBXProject "ChoptDemo" */ = {
			isa = XCConfigurationList;
			buildConfigurations = (
				D83C7CEF28FA777700F37225 /* Debug */,
				D83C7CF028FA777700F37225 /* Release */,
			);
			defaultConfigurationIsVisible = 0;
			defaultConfigurationName = Release;
		};
		D83C7CF128FA777700F37225 /* Build configuration list for PBXNativeTarget "ChoptDemo" */ = {
			isa = XCConfigurationList;
			buildConfigurations = (
				D83C7CF228FA777700F37225 /* Debug */,
				D83C7CF328FA777700F37225 /* Release */,
			);
			defaultConfigurationIsVisible = 0;
			defaultConfigurationName = Release;
		};
		D83C7CF428FA777700F37225 /* Build configuration list for PBXNativeTarget "ChoptDemoTests" */ = {
			isa = XCConfigurationList;
			buildConfigurations = (
				D83C7CF528FA777700F37225 /* Debug */,
				D83C7CF628FA777700F37225 /* Release */,
			);
			defaultConfigurationIsVisible = 0;
			defaultConfigurationName = Release;
		};
		D83C7CF728FA777700F37225 /* Build configuration list for PBXNativeTarget "ChoptDemoUITests" */ = {
			isa = XCConfigurationList;
			buildConfigurations = (
				D83C7CF828FA777700F37225 /* Debug */,
				D83C7CF928FA777700F37225 /* Release */,
			);
			defaultConfigurationIsVisible = 0;
			defaultConfigurationName = Release;
		};
/* End XCConfigurationList section */

/* Begin XCRemoteSwiftPackageReference section */
		D87C839928FAAB9F00364D8B /* XCRemoteSwiftPackageReference "Alamofire" */ = {
			isa = XCRemoteSwiftPackageReference;
			repositoryURL = "https://github.com/Alamofire/Alamofire.git";
			requirement = {
				kind = upToNextMajorVersion;
				minimumVersion = 5.0.0;
			};
		};
/* End XCRemoteSwiftPackageReference section */

/* Begin XCSwiftPackageProductDependency section */
		D87C839A28FAAB9F00364D8B /* Alamofire */ = {
			isa = XCSwiftPackageProductDependency;
			package = D87C839928FAAB9F00364D8B /* XCRemoteSwiftPackageReference "Alamofire" */;
			productName = Alamofire;
		};
/* End XCSwiftPackageProductDependency section */

/* Begin XCVersionGroup section */
		D83C7CD028FA777500F37225 /* ChoptDemo.xcdatamodeld */ = {
			isa = XCVersionGroup;
			children = (
				D83C7CD128FA777500F37225 /* ChoptDemo.xcdatamodel */,
			);
			currentVersion = D83C7CD128FA777500F37225 /* ChoptDemo.xcdatamodel */;
			path = ChoptDemo.xcdatamodeld;
			sourceTree = "<group>";
			versionGroupType = wrapper.xcdatamodel;
		};
/* End XCVersionGroup section */
	};
	rootObject = D83C7CBC28FA777500F37225 /* Project object */;
}
